
Microsoft Visual Studio Solution File, Format Version 12.00
# Visual Studio Version 16
VisualStudioVersion = 16.0.29123.88
MinimumVisualStudioVersion = 10.0.40219.1
Project("{FAE04EC0-301F-11D3-BF4B-00C04F79EFBC}") = "Jaguar", "Jaguar\Jaguar.csproj", "{3028C556-9DEE-4A98-B7E0-E59BC3A552B8}"
EndProject
Project("{E53339B2-1760-4266-BCC7-CA923CBCF16C}") = "docker-compose", "docker-compose.dcproj", "{26139818-295E-493B-ABB2-4038D75C84B7}"
EndProject
Global
	GlobalSection(SolutionConfigurationPlatforms) = preSolution
		Debug|Any CPU = Debug|Any CPU
		Release|Any CPU = Release|Any CPU
	EndGlobalSection
	GlobalSection(ProjectConfigurationPlatforms) = postSolution
		{3028C556-9DEE-4A98-B7E0-E59BC3A552B8}.Debug|Any CPU.ActiveCfg = Debug|Any CPU
		{3028C556-9DEE-4A98-B7E0-E59BC3A552B8}.Debug|Any CPU.Build.0 = Debug|Any CPU
		{3028C556-9DEE-4A98-B7E0-E59BC3A552B8}.Release|Any CPU.ActiveCfg = Release|Any CPU
		{3028C556-9DEE-4A98-B7E0-E59BC3A552B8}.Release|Any CPU.Build.0 = Release|Any CPU
		{26139818-295E-493B-ABB2-4038D75C84B7}.Debug|Any CPU.ActiveCfg = Debug|Any CPU
		{26139818-295E-493B-ABB2-4038D75C84B7}.Debug|Any CPU.Build.0 = Debug|Any CPU
		{26139818-295E-493B-ABB2-4038D75C84B7}.Release|Any CPU.ActiveCfg = Release|Any CPU
		{26139818-295E-493B-ABB2-4038D75C84B7}.Release|Any CPU.Build.0 = Release|Any CPU
	EndGlobalSection
	GlobalSection(SolutionProperties) = preSolution
		HideSolutionNode = FALSE
	EndGlobalSection
	GlobalSection(ExtensibilityGlobals) = postSolution
		SolutionGuid = {1B10843B-B6F9-4942-85D4-EC608DC01E2E}
	EndGlobalSection
EndGlobal
